
Microsoft Visual Studio Solution File, Format Version 12.00
# Visual Studio Version 16
VisualStudioVersion = 16.0.29509.3
MinimumVisualStudioVersion = 10.0.40219.1
Project("{FAE04EC0-301F-11D3-BF4B-00C04F79EFBC}") = "QL_Hocsinh", "QL_Hocsinh.csproj", "{9DBAE564-8126-4ABD-A410-78B30B46C511}"
EndProject
Global
	GlobalSection(SolutionConfigurationPlatforms) = preSolution
		Debug|Any CPU = Debug|Any CPU
		Release|Any CPU = Release|Any CPU
	EndGlobalSection
	GlobalSection(ProjectConfigurationPlatforms) = postSolution
		{9DBAE564-8126-4ABD-A410-78B30B46C511}.Debug|Any CPU.ActiveCfg = Debug|Any CPU
		{9DBAE564-8126-4ABD-A410-78B30B46C511}.Debug|Any CPU.Build.0 = Debug|Any CPU
		{9DBAE564-8126-4ABD-A410-78B30B46C511}.Release|Any CPU.ActiveCfg = Release|Any CPU
		{9DBAE564-8126-4ABD-A410-78B30B46C511}.Release|Any CPU.Build.0 = Release|Any CPU
	EndGlobalSection
	GlobalSection(SolutionProperties) = preSolution
		HideSolutionNode = FALSE
	EndGlobalSection
	GlobalSection(ExtensibilityGlobals) = postSolution
		SolutionGuid = {005929DC-8E6E-41B0-82AE-A7495A0F0139}
	EndGlobalSection
EndGlobal
